
Microsoft Visual Studio Solution File, Format Version 12.00
# Visual Studio Version 16
VisualStudioVersion = 16.0.29418.71
MinimumVisualStudioVersion = 10.0.40219.1
Project("{FAE04EC0-301F-11D3-BF4B-00C04F79EFBC}") = "ImageSteganographyLinearLSB", "ImageSteganographyLinearLSB\ImageSteganographyLinearLSB.csproj", "{4A5B4D42-DC9D-411C-86B0-D0A07422A04A}"
EndProject
Project("{FAE04EC0-301F-11D3-BF4B-00C04F79EFBC}") = "ImageStego", "ImageStego\ImageStego.csproj", "{1BA06ED4-CB25-4969-A8F0-7CD9F38C38D6}"
EndProject
Project("{FAE04EC0-301F-11D3-BF4B-00C04F79EFBC}") = "LinearLSB", "LinearLSB\LinearLSB.csproj", "{5B0D1403-A3C7-491E-9BFD-211860D376DE}"
EndProject
Project("{FAE04EC0-301F-11D3-BF4B-00C04F79EFBC}") = "ImageSteganography", "ImageSteganography\ImageSteganography.csproj", "{455474E9-CA6E-4AE4-B56C-EB6F0CF1DF71}"
EndProject
Global
	GlobalSection(SolutionConfigurationPlatforms) = preSolution
		Debug|Any CPU = Debug|Any CPU
		Release|Any CPU = Release|Any CPU
	EndGlobalSection
	GlobalSection(ProjectConfigurationPlatforms) = postSolution
		{4A5B4D42-DC9D-411C-86B0-D0A07422A04A}.Debug|Any CPU.ActiveCfg = Debug|Any CPU
		{4A5B4D42-DC9D-411C-86B0-D0A07422A04A}.Debug|Any CPU.Build.0 = Debug|Any CPU
		{4A5B4D42-DC9D-411C-86B0-D0A07422A04A}.Release|Any CPU.ActiveCfg = Release|Any CPU
		{4A5B4D42-DC9D-411C-86B0-D0A07422A04A}.Release|Any CPU.Build.0 = Release|Any CPU
		{1BA06ED4-CB25-4969-A8F0-7CD9F38C38D6}.Debug|Any CPU.ActiveCfg = Debug|Any CPU
		{1BA06ED4-CB25-4969-A8F0-7CD9F38C38D6}.Debug|Any CPU.Build.0 = Debug|Any CPU
		{1BA06ED4-CB25-4969-A8F0-7CD9F38C38D6}.Release|Any CPU.ActiveCfg = Release|Any CPU
		{1BA06ED4-CB25-4969-A8F0-7CD9F38C38D6}.Release|Any CPU.Build.0 = Release|Any CPU
		{5B0D1403-A3C7-491E-9BFD-211860D376DE}.Debug|Any CPU.ActiveCfg = Debug|Any CPU
		{5B0D1403-A3C7-491E-9BFD-211860D376DE}.Debug|Any CPU.Build.0 = Debug|Any CPU
		{5B0D1403-A3C7-491E-9BFD-211860D376DE}.Release|Any CPU.ActiveCfg = Release|Any CPU
		{5B0D1403-A3C7-491E-9BFD-211860D376DE}.Release|Any CPU.Build.0 = Release|Any CPU
		{455474E9-CA6E-4AE4-B56C-EB6F0CF1DF71}.Debug|Any CPU.ActiveCfg = Debug|Any CPU
		{455474E9-CA6E-4AE4-B56C-EB6F0CF1DF71}.Debug|Any CPU.Build.0 = Debug|Any CPU
		{455474E9-CA6E-4AE4-B56C-EB6F0CF1DF71}.Release|Any CPU.ActiveCfg = Release|Any CPU
		{455474E9-CA6E-4AE4-B56C-EB6F0CF1DF71}.Release|Any CPU.Build.0 = Release|Any CPU
	EndGlobalSection
	GlobalSection(SolutionProperties) = preSolution
		HideSolutionNode = FALSE
	EndGlobalSection
	GlobalSection(ExtensibilityGlobals) = postSolution
		SolutionGuid = {6E57DECF-CFE8-4DEE-94F0-8617F2664B71}
	EndGlobalSection
EndGlobal
